
Microsoft Visual Studio Solution File, Format Version 12.00
# Visual Studio Version 17
VisualStudioVersion = 17.8.34322.80
MinimumVisualStudioVersion = 10.0.40219.1
Project("{FAE04EC0-301F-11D3-BF4B-00C04F79EFBC}") = "Edu", "Edu\Edu.csproj", "{44211300-5DF8-4239-8C6D-65358D1A6DFA}"
EndProject
Global
	GlobalSection(SolutionConfigurationPlatforms) = preSolution
		Debug|Any CPU = Debug|Any CPU
		Release|Any CPU = Release|Any CPU
	EndGlobalSection
	GlobalSection(ProjectConfigurationPlatforms) = postSolution
		{44211300-5DF8-4239-8C6D-65358D1A6DFA}.Debug|Any CPU.ActiveCfg = Debug|Any CPU
		{44211300-5DF8-4239-8C6D-65358D1A6DFA}.Debug|Any CPU.Build.0 = Debug|Any CPU
		{44211300-5DF8-4239-8C6D-65358D1A6DFA}.Release|Any CPU.ActiveCfg = Release|Any CPU
		{44211300-5DF8-4239-8C6D-65358D1A6DFA}.Release|Any CPU.Build.0 = Release|Any CPU
	EndGlobalSection
	GlobalSection(SolutionProperties) = preSolution
		HideSolutionNode = FALSE
	EndGlobalSection
	GlobalSection(ExtensibilityGlobals) = postSolution
		SolutionGuid = {C5B6F5C8-F7A2-4E27-B476-99ED450C2413}
	EndGlobalSection
EndGlobal
